
Microsoft Visual Studio Solution File, Format Version 12.00
Project("{2150E333-8FDC-42A3-9474-1A3956D46DE8}") = "src", "src", "{7D8009A6-9A63-4EA5-80C5-8C59CA82FD03}"
EndProject
Project("{FAE04EC0-301F-11D3-BF4B-00C04F79EFBC}") = "Skynet.Bot", "Skynet.Bot\Skynet.Bot.csproj", "{4D60AD00-90DE-45EF-B37A-B86B8508105C}"
EndProject
Global
	GlobalSection(SolutionConfigurationPlatforms) = preSolution
		Debug|Any CPU = Debug|Any CPU
		Release|Any CPU = Release|Any CPU
	EndGlobalSection
	GlobalSection(NestedProjects) = preSolution
		{4D60AD00-90DE-45EF-B37A-B86B8508105C} = {7D8009A6-9A63-4EA5-80C5-8C59CA82FD03}
	EndGlobalSection
	GlobalSection(ProjectConfigurationPlatforms) = postSolution
		{4D60AD00-90DE-45EF-B37A-B86B8508105C}.Debug|Any CPU.ActiveCfg = Debug|Any CPU
		{4D60AD00-90DE-45EF-B37A-B86B8508105C}.Debug|Any CPU.Build.0 = Debug|Any CPU
		{4D60AD00-90DE-45EF-B37A-B86B8508105C}.Release|Any CPU.ActiveCfg = Release|Any CPU
		{4D60AD00-90DE-45EF-B37A-B86B8508105C}.Release|Any CPU.Build.0 = Release|Any CPU
	EndGlobalSection
EndGlobal
